
Microsoft Visual Studio Solution File, Format Version 12.00
# Visual Studio Version 16
VisualStudioVersion = 16.0.29215.179
MinimumVisualStudioVersion = 10.0.40219.1
Project("{FAE04EC0-301F-11D3-BF4B-00C04F79EFBC}") = "WebApiCoreCustomerProject", "WebApiCoreCustomerProject\WebApiCoreCustomerProject.csproj", "{20053AA9-4A16-4B33-A9AD-4F292E30894E}"
EndProject
Global
	GlobalSection(SolutionConfigurationPlatforms) = preSolution
		Debug|Any CPU = Debug|Any CPU
		Release|Any CPU = Release|Any CPU
	EndGlobalSection
	GlobalSection(ProjectConfigurationPlatforms) = postSolution
		{20053AA9-4A16-4B33-A9AD-4F292E30894E}.Debug|Any CPU.ActiveCfg = Debug|Any CPU
		{20053AA9-4A16-4B33-A9AD-4F292E30894E}.Debug|Any CPU.Build.0 = Debug|Any CPU
		{20053AA9-4A16-4B33-A9AD-4F292E30894E}.Release|Any CPU.ActiveCfg = Release|Any CPU
		{20053AA9-4A16-4B33-A9AD-4F292E30894E}.Release|Any CPU.Build.0 = Release|Any CPU
	EndGlobalSection
	GlobalSection(SolutionProperties) = preSolution
		HideSolutionNode = FALSE
	EndGlobalSection
	GlobalSection(ExtensibilityGlobals) = postSolution
		SolutionGuid = {2433335A-DB85-4C1A-8D51-86CDD8531840}
	EndGlobalSection
EndGlobal
